
Microsoft Visual Studio Solution File, Format Version 12.00
# Visual Studio Version 17
VisualStudioVersion = 17.1.32319.34
MinimumVisualStudioVersion = 10.0.40219.1
Project("{FAE04EC0-301F-11D3-BF4B-00C04F79EFBC}") = "Aula04", "Aula04\Aula04.csproj", "{A1303B5D-DEFE-4C13-ACF2-1DC3520960AF}"
EndProject
Global
	GlobalSection(SolutionConfigurationPlatforms) = preSolution
		Debug|Any CPU = Debug|Any CPU
		Release|Any CPU = Release|Any CPU
	EndGlobalSection
	GlobalSection(ProjectConfigurationPlatforms) = postSolution
		{A1303B5D-DEFE-4C13-ACF2-1DC3520960AF}.Debug|Any CPU.ActiveCfg = Debug|Any CPU
		{A1303B5D-DEFE-4C13-ACF2-1DC3520960AF}.Debug|Any CPU.Build.0 = Debug|Any CPU
		{A1303B5D-DEFE-4C13-ACF2-1DC3520960AF}.Release|Any CPU.ActiveCfg = Release|Any CPU
		{A1303B5D-DEFE-4C13-ACF2-1DC3520960AF}.Release|Any CPU.Build.0 = Release|Any CPU
	EndGlobalSection
	GlobalSection(SolutionProperties) = preSolution
		HideSolutionNode = FALSE
	EndGlobalSection
	GlobalSection(ExtensibilityGlobals) = postSolution
		SolutionGuid = {D6F657D7-3F04-438B-850C-AECD660190F9}
	EndGlobalSection
EndGlobal
