
Microsoft Visual Studio Solution File, Format Version 12.00
# Visual Studio Version 17
VisualStudioVersion = 17.1.32319.34
MinimumVisualStudioVersion = 10.0.40219.1
Project("{FAE04EC0-301F-11D3-BF4B-00C04F79EFBC}") = "Aula03", "Aula03\Aula03.csproj", "{D37CFCA8-8883-49E4-AA43-3F78C626836A}"
EndProject
Global
	GlobalSection(SolutionConfigurationPlatforms) = preSolution
		Debug|Any CPU = Debug|Any CPU
		Release|Any CPU = Release|Any CPU
	EndGlobalSection
	GlobalSection(ProjectConfigurationPlatforms) = postSolution
		{D37CFCA8-8883-49E4-AA43-3F78C626836A}.Debug|Any CPU.ActiveCfg = Debug|Any CPU
		{D37CFCA8-8883-49E4-AA43-3F78C626836A}.Debug|Any CPU.Build.0 = Debug|Any CPU
		{D37CFCA8-8883-49E4-AA43-3F78C626836A}.Release|Any CPU.ActiveCfg = Release|Any CPU
		{D37CFCA8-8883-49E4-AA43-3F78C626836A}.Release|Any CPU.Build.0 = Release|Any CPU
	EndGlobalSection
	GlobalSection(SolutionProperties) = preSolution
		HideSolutionNode = FALSE
	EndGlobalSection
	GlobalSection(ExtensibilityGlobals) = postSolution
		SolutionGuid = {940ECF47-50D5-4325-B3A3-6270C9B6E659}
	EndGlobalSection
EndGlobal
