
Microsoft Visual Studio Solution File, Format Version 12.00
# Visual Studio Version 17
VisualStudioVersion = 17.1.32319.34
MinimumVisualStudioVersion = 10.0.40219.1
Project("{FAE04EC0-301F-11D3-BF4B-00C04F79EFBC}") = "aula05", "aula05\aula05.csproj", "{A06B8702-CF4F-4E02-9D90-2E6E361B60BE}"
EndProject
Global
	GlobalSection(SolutionConfigurationPlatforms) = preSolution
		Debug|Any CPU = Debug|Any CPU
		Release|Any CPU = Release|Any CPU
	EndGlobalSection
	GlobalSection(ProjectConfigurationPlatforms) = postSolution
		{A06B8702-CF4F-4E02-9D90-2E6E361B60BE}.Debug|Any CPU.ActiveCfg = Debug|Any CPU
		{A06B8702-CF4F-4E02-9D90-2E6E361B60BE}.Debug|Any CPU.Build.0 = Debug|Any CPU
		{A06B8702-CF4F-4E02-9D90-2E6E361B60BE}.Release|Any CPU.ActiveCfg = Release|Any CPU
		{A06B8702-CF4F-4E02-9D90-2E6E361B60BE}.Release|Any CPU.Build.0 = Release|Any CPU
	EndGlobalSection
	GlobalSection(SolutionProperties) = preSolution
		HideSolutionNode = FALSE
	EndGlobalSection
	GlobalSection(ExtensibilityGlobals) = postSolution
		SolutionGuid = {D57F10D1-4916-45A8-9B76-E682D650A8D0}
	EndGlobalSection
EndGlobal
